
Microsoft Visual Studio Solution File, Format Version 12.00
# Visual Studio Version 17
VisualStudioVersion = 17.9.34714.143
MinimumVisualStudioVersion = 10.0.40219.1
Project("{9A19103F-16F7-4668-BE54-9A1E7A4F7556}") = "Dockerized-web-app", "Dockerized-web-app\Dockerized-web-app.csproj", "{2A0ADDCE-7374-4F73-AC2B-FA9BBA0EE771}"
EndProject
Project("{2150E333-8FDC-42A3-9474-1A3956D46DE8}") = ".github", ".github", "{6DFF8DD0-967A-4B61-B791-20E3BC34D4D2}"
EndProject
Project("{2150E333-8FDC-42A3-9474-1A3956D46DE8}") = "workflows", "workflows", "{1BB7C3A9-3E60-4ECB-84C1-7070F0C8D603}"
	ProjectSection(SolutionItems) = preProject
		application-build.yml = application-build.yml
		application-deploy.yml = application-deploy.yml
	EndProjectSection
EndProject
Global
	GlobalSection(SolutionConfigurationPlatforms) = preSolution
		Debug|Any CPU = Debug|Any CPU
		Release|Any CPU = Release|Any CPU
	EndGlobalSection
	GlobalSection(ProjectConfigurationPlatforms) = postSolution
		{2A0ADDCE-7374-4F73-AC2B-FA9BBA0EE771}.Debug|Any CPU.ActiveCfg = Debug|Any CPU
		{2A0ADDCE-7374-4F73-AC2B-FA9BBA0EE771}.Debug|Any CPU.Build.0 = Debug|Any CPU
		{2A0ADDCE-7374-4F73-AC2B-FA9BBA0EE771}.Release|Any CPU.ActiveCfg = Release|Any CPU
		{2A0ADDCE-7374-4F73-AC2B-FA9BBA0EE771}.Release|Any CPU.Build.0 = Release|Any CPU
	EndGlobalSection
	GlobalSection(SolutionProperties) = preSolution
		HideSolutionNode = FALSE
	EndGlobalSection
	GlobalSection(NestedProjects) = preSolution
		{1BB7C3A9-3E60-4ECB-84C1-7070F0C8D603} = {6DFF8DD0-967A-4B61-B791-20E3BC34D4D2}
	EndGlobalSection
	GlobalSection(ExtensibilityGlobals) = postSolution
		SolutionGuid = {E3557592-E09D-4938-AF9B-BB60E9E9F635}
	EndGlobalSection
EndGlobal
